
Microsoft Visual Studio Solution File, Format Version 12.00
# Visual Studio Version 17
VisualStudioVersion = 17.1.32210.238
MinimumVisualStudioVersion = 10.0.40219.1
Project("{FAE04EC0-301F-11D3-BF4B-00C04F79EFBC}") = "PSMailKit", "PSMailKit\PSMailKit.csproj", "{5630C3F8-B365-46F3-8B63-3ED9C193C45A}"
EndProject
Global
	GlobalSection(SolutionConfigurationPlatforms) = preSolution
		Debug|Any CPU = Debug|Any CPU
		Release|Any CPU = Release|Any CPU
	EndGlobalSection
	GlobalSection(ProjectConfigurationPlatforms) = postSolution
		{5630C3F8-B365-46F3-8B63-3ED9C193C45A}.Debug|Any CPU.ActiveCfg = Debug|Any CPU
		{5630C3F8-B365-46F3-8B63-3ED9C193C45A}.Debug|Any CPU.Build.0 = Debug|Any CPU
		{5630C3F8-B365-46F3-8B63-3ED9C193C45A}.Release|Any CPU.ActiveCfg = Release|Any CPU
		{5630C3F8-B365-46F3-8B63-3ED9C193C45A}.Release|Any CPU.Build.0 = Release|Any CPU
	EndGlobalSection
	GlobalSection(SolutionProperties) = preSolution
		HideSolutionNode = FALSE
	EndGlobalSection
	GlobalSection(ExtensibilityGlobals) = postSolution
		SolutionGuid = {F42731A6-7E93-49A7-A045-CDCBD9FAEF95}
	EndGlobalSection
EndGlobal
